DEPENDENCIES
  mongo
    git: git@github.com:maigbodi/mongodbEng3637.git
    revision: ebbab6d0fe860f9b8ecae7b50e62cc1ee7ee97e8
  node
    git: git@github.com:maigbodi/node_cookbook_eng17.git
    revision: b8cf3eef6b631feababde31308df39e0f6cc7aed

GRAPH
  ark (4.0.0)
    build-essential (>= 0.0.0)
    seven_zip (>= 0.0.0)
  build-essential (8.2.1)
    mingw (>= 1.1)
    seven_zip (>= 0.0.0)
  mingw (2.1.0)
    seven_zip (>= 0.0.0)
  mongo (0.1.0)
  node (0.1.0)
    nodejs (~> 5.0.0)
  nodejs (5.0.0)
    ark (>= 2.0.2)
    build-essential (>= 0.0.0)
  seven_zip (3.1.1)
    windows (>= 0.0.0)
  windows (6.0.0)
